schema_version = 1
config_sha256 = "4c0a2b77ba93235247b2e2d16f4d5c3538bc83493dc59bc84539eefdcb0bd6a0"
runtime_version = "0.1.0"
[workflows]
repository = "fixture/workflows"
commit = "bbbbbbbbbbbbbbbbbbbbbbbbbbbbbbbbbbbbbbbb"
[tools.cargo-cyclonedx]
version = "0.5.9"
sha256 = "ccedb77b75f58b86e730f1918d6f152661e2911bf02b8ca8b6f84315a3e21b5e"
